
Microsoft Visual Studio Solution File, Format Version 12.00
# Visual Studio Version 17
VisualStudioVersion = 17.9.34616.47
MinimumVisualStudioVersion = 10.0.40219.1
Project("{888888A0-9F3D-457C-B088-3A5042F75D52}") = "IS4010-002 In Class 2025-01-30", "IS4010-002 In Class 2025-01-30\IS4010-002 In Class 2025-01-30.pyproj", "{7FDDF7B7-7488-468A-A0C4-FB57DECDA212}"
EndProject
Global
	GlobalSection(SolutionConfigurationPlatforms) = preSolution
		Debug|Any CPU = Debug|Any CPU
		Release|Any CPU = Release|Any CPU
	EndGlobalSection
	GlobalSection(ProjectConfigurationPlatforms) = postSolution
		{7FDDF7B7-7488-468A-A0C4-FB57DECDA212}.Debug|Any CPU.ActiveCfg = Debug|Any CPU
		{7FDDF7B7-7488-468A-A0C4-FB57DECDA212}.Release|Any CPU.ActiveCfg = Release|Any CPU
	EndGlobalSection
	GlobalSection(SolutionProperties) = preSolution
		HideSolutionNode = FALSE
	EndGlobalSection
	GlobalSection(ExtensibilityGlobals) = postSolution
		SolutionGuid = {091760C0-4539-4843-8D28-AB5AA95E4DFB}
	EndGlobalSection
EndGlobal
